{
  "name": "@cblx-br/openapi-typescript",
  "version": "0.0.6-local",
  "lockfileVersion": 1,
  "requires": true,
  "dependencies": {
    "@types/change-case": {
      "version": "2.3.1",
      "resolved": "https://registry.npmjs.org/@types/change-case/-/change-case-2.3.1.tgz",
      "integrity": "sha1-269O+2OthYariBkXmnkJBMy2qDc=",
      "dev": true,
      "requires": {
        "change-case": "*"
      }
    },
    "@types/node": {
      "version": "12.12.2",
      "resolved": "https://registry.npmjs.org/@types/node/-/node-12.12.2.tgz",
      "integrity": "sha512-Dt624lmxSFhjor3/QoBAJyqKbPgPnJETqG+eUSxOYwwq5HeHh9hel1c4YAcFmCsClMESmMqcTBbfkjWK+ytCsg==",
      "dev": true
    },
    "@types/node-fetch": {
      "version": "2.5.7",
      "resolved": "https://registry.npmjs.org/@types/node-fetch/-/node-fetch-2.5.7.tgz",
      "integrity": "sha512-o2WVNf5UhWRkxlf6eq+jMZDu7kjgpgJfl4xVNlvryc95O/6F2ld8ztKX+qu+Rjyet93WAWm5LjeX9H5FGkODvw==",
      "dev": true,
      "requires": {
        "@types/node": "*",
        "form-data": "^3.0.0"
      }
    },
    "asynckit": {
      "version": "0.4.0",
      "resolved": "https://registry.npmjs.org/asynckit/-/asynckit-0.4.0.tgz",
      "integrity": "sha1-x57Zf380y48robyXkLzDZkdLS3k=",
      "dev": true
    },
    "camel-case": {
      "version": "4.1.1",
      "resolved": "https://registry.npmjs.org/camel-case/-/camel-case-4.1.1.tgz",
      "integrity": "sha512-7fa2WcG4fYFkclIvEmxBbTvmibwF2/agfEBc6q3lOpVu0A13ltLsA+Hr/8Hp6kp5f+G7hKi6t8lys6XxP+1K6Q==",
      "requires": {
        "pascal-case": "^3.1.1",
        "tslib": "^1.10.0"
      }
    },
    "capital-case": {
      "version": "1.0.3",
      "resolved": "https://registry.npmjs.org/capital-case/-/capital-case-1.0.3.tgz",
      "integrity": "sha512-OlUSJpUr7SY0uZFOxcwnDOU7/MpHlKTZx2mqnDYQFrDudXLFm0JJ9wr/l4csB+rh2Ug0OPuoSO53PqiZBqno9A==",
      "requires": {
        "no-case": "^3.0.3",
        "tslib": "^1.10.0",
        "upper-case-first": "^2.0.1"
      }
    },
    "change-case": {
      "version": "4.1.1",
      "resolved": "https://registry.npmjs.org/change-case/-/change-case-4.1.1.tgz",
      "integrity": "sha512-qRlUWn/hXnX1R1LBDF/RelJLiqNjKjUqlmuBVSEIyye8kq49CXqkZWKmi8XeUAdDXWFOcGLUMZ+aHn3Q5lzUXw==",
      "requires": {
        "camel-case": "^4.1.1",
        "capital-case": "^1.0.3",
        "constant-case": "^3.0.3",
        "dot-case": "^3.0.3",
        "header-case": "^2.0.3",
        "no-case": "^3.0.3",
        "param-case": "^3.0.3",
        "pascal-case": "^3.1.1",
        "path-case": "^3.0.3",
        "sentence-case": "^3.0.3",
        "snake-case": "^3.0.3",
        "tslib": "^1.10.0"
      }
    },
    "combined-stream": {
      "version": "1.0.8",
      "resolved": "https://registry.npmjs.org/combined-stream/-/combined-stream-1.0.8.tgz",
      "integrity": "sha512-FQN4MRfuJeHf7cBbBMJFXhKSDq+2kAArBlmRBvcvFE5BB1HZKXtSFASDhdlz9zOYwxh8lDdnvmMOe/+5cdoEdg==",
      "dev": true,
      "requires": {
        "delayed-stream": "~1.0.0"
      }
    },
    "commander": {
      "version": "4.0.1",
      "resolved": "https://registry.npmjs.org/commander/-/commander-4.0.1.tgz",
      "integrity": "sha512-IPF4ouhCP+qdlcmCedhxX4xiGBPyigb8v5NeUp+0LyhwLgxMqyp3S0vl7TAPfS/hiP7FC3caI/PB9lTmP8r1NA=="
    },
    "constant-case": {
      "version": "3.0.3",
      "resolved": "https://registry.npmjs.org/constant-case/-/constant-case-3.0.3.tgz",
      "integrity": "sha512-FXtsSnnrFYpzDmvwDGQW+l8XK3GV1coLyBN0eBz16ZUzGaZcT2ANVCJmLeuw2GQgxKHQIe9e0w2dzkSfaRlUmA==",
      "requires": {
        "no-case": "^3.0.3",
        "tslib": "^1.10.0",
        "upper-case": "^2.0.1"
      }
    },
    "delayed-stream": {
      "version": "1.0.0",
      "resolved": "https://registry.npmjs.org/delayed-stream/-/delayed-stream-1.0.0.tgz",
      "integrity": "sha1-3zrhmayt+31ECqrgsp4icrJOxhk=",
      "dev": true
    },
    "dot-case": {
      "version": "3.0.3",
      "resolved": "https://registry.npmjs.org/dot-case/-/dot-case-3.0.3.tgz",
      "integrity": "sha512-7hwEmg6RiSQfm/GwPL4AAWXKy3YNNZA3oFv2Pdiey0mwkRCPZ9x6SZbkLcn8Ma5PYeVokzoD4Twv2n7LKp5WeA==",
      "requires": {
        "no-case": "^3.0.3",
        "tslib": "^1.10.0"
      }
    },
    "form-data": {
      "version": "3.0.0",
      "resolved": "https://registry.npmjs.org/form-data/-/form-data-3.0.0.tgz",
      "integrity": "sha512-CKMFDglpbMi6PyN+brwB9Q/GOw0eAnsrEZDgcsH5Krhz5Od/haKHAX0NmQfha2zPPz0JpWzA7GJHGSnvCRLWsg==",
      "dev": true,
      "requires": {
        "asynckit": "^0.4.0",
        "combined-stream": "^1.0.8",
        "mime-types": "^2.1.12"
      }
    },
    "header-case": {
      "version": "2.0.3",
      "resolved": "https://registry.npmjs.org/header-case/-/header-case-2.0.3.tgz",
      "integrity": "sha512-LChe/V32mnUQnTwTxd3aAlNMk8ia9tjCDb/LjYtoMrdAPApxLB+azejUk5ERZIZdIqvinwv6BAUuFXH/tQPdZA==",
      "requires": {
        "capital-case": "^1.0.3",
        "tslib": "^1.10.0"
      }
    },
    "lower-case": {
      "version": "2.0.1",
      "resolved": "https://registry.npmjs.org/lower-case/-/lower-case-2.0.1.tgz",
      "integrity": "sha512-LiWgfDLLb1dwbFQZsSglpRj+1ctGnayXz3Uv0/WO8n558JycT5fg6zkNcnW0G68Nn0aEldTFeEfmjCfmqry/rQ==",
      "requires": {
        "tslib": "^1.10.0"
      }
    },
    "mime-db": {
      "version": "1.44.0",
      "resolved": "https://registry.npmjs.org/mime-db/-/mime-db-1.44.0.tgz",
      "integrity": "sha512-/NOTfLrsPBVeH7YtFPgsVWveuL+4SjjYxaQ1xtM1KMFj7HdxlBlxeyNLzhyJVx7r4rZGJAZ/6lkKCitSc/Nmpg==",
      "dev": true
    },
    "mime-types": {
      "version": "2.1.27",
      "resolved": "https://registry.npmjs.org/mime-types/-/mime-types-2.1.27.tgz",
      "integrity": "sha512-JIhqnCasI9yD+SsmkquHBxTSEuZdQX5BuQnS2Vc7puQQQ+8yiP5AY5uWhpdv4YL4VM5c6iliiYWPgJ/nJQLp7w==",
      "dev": true,
      "requires": {
        "mime-db": "1.44.0"
      }
    },
    "no-case": {
      "version": "3.0.3",
      "resolved": "https://registry.npmjs.org/no-case/-/no-case-3.0.3.tgz",
      "integrity": "sha512-ehY/mVQCf9BL0gKfsJBvFJen+1V//U+0HQMPrWct40ixE4jnv0bfvxDbWtAHL9EcaPEOJHVVYKoQn1TlZUB8Tw==",
      "requires": {
        "lower-case": "^2.0.1",
        "tslib": "^1.10.0"
      }
    },
    "node-fetch": {
      "version": "2.6.1",
      "resolved": "https://registry.npmjs.org/node-fetch/-/node-fetch-2.6.1.tgz",
      "integrity": "sha512-V4aYg89jEoVRxRb2fJdAg8FHvI7cEyYdVAh94HH0UIK8oJxUfkjlDQN9RbMx+bEjP7+ggMiFRprSti032Oipxw=="
    },
    "openapi3-ts": {
      "version": "1.4.0",
      "resolved": "https://registry.npmjs.org/openapi3-ts/-/openapi3-ts-1.4.0.tgz",
      "integrity": "sha512-8DmE2oKayvSkIR3XSZ4+pRliBsx19bSNeIzkTPswY8r4wvjX86bMxsORdqwAwMxE8PefOcSAT2auvi/0TZe9yA=="
    },
    "param-case": {
      "version": "3.0.3",
      "resolved": "https://registry.npmjs.org/param-case/-/param-case-3.0.3.tgz",
      "integrity": "sha512-VWBVyimc1+QrzappRs7waeN2YmoZFCGXWASRYX1/rGHtXqEcrGEIDm+jqIwFa2fRXNgQEwrxaYuIrX0WcAguTA==",
      "requires": {
        "dot-case": "^3.0.3",
        "tslib": "^1.10.0"
      }
    },
    "pascal-case": {
      "version": "3.1.1",
      "resolved": "https://registry.npmjs.org/pascal-case/-/pascal-case-3.1.1.tgz",
      "integrity": "sha512-XIeHKqIrsquVTQL2crjq3NfJUxmdLasn3TYOU0VBM+UX2a6ztAWBlJQBePLGY7VHW8+2dRadeIPK5+KImwTxQA==",
      "requires": {
        "no-case": "^3.0.3",
        "tslib": "^1.10.0"
      }
    },
    "path-case": {
      "version": "3.0.3",
      "resolved": "https://registry.npmjs.org/path-case/-/path-case-3.0.3.tgz",
      "integrity": "sha512-UMFU6UETFpCNWbIWNczshPrnK/7JAXBP2NYw80ojElbQ2+JYxdqWDBkvvqM93u4u6oLmuJ/tPOf2tM8KtXv4eg==",
      "requires": {
        "dot-case": "^3.0.3",
        "tslib": "^1.10.0"
      }
    },
    "sentence-case": {
      "version": "3.0.3",
      "resolved": "https://registry.npmjs.org/sentence-case/-/sentence-case-3.0.3.tgz",
      "integrity": "sha512-ZPr4dgTcNkEfcGOMFQyDdJrTU9uQO1nb1cjf+nuzb6FxgMDgKddZOM29qEsB7jvsZSMruLRcL2KfM4ypKpa0LA==",
      "requires": {
        "no-case": "^3.0.3",
        "tslib": "^1.10.0",
        "upper-case-first": "^2.0.1"
      }
    },
    "snake-case": {
      "version": "3.0.3",
      "resolved": "https://registry.npmjs.org/snake-case/-/snake-case-3.0.3.tgz",
      "integrity": "sha512-WM1sIXEO+rsAHBKjGf/6R1HBBcgbncKS08d2Aqec/mrDSpU80SiOU41hO7ny6DToHSyrlwTYzQBIK1FPSx4Y3Q==",
      "requires": {
        "dot-case": "^3.0.3",
        "tslib": "^1.10.0"
      }
    },
    "tslib": {
      "version": "1.10.0",
      "resolved": "https://registry.npmjs.org/tslib/-/tslib-1.10.0.tgz",
      "integrity": "sha512-qOebF53frne81cf0S9B41ByenJ3/IuH8yJKngAX35CmiZySA0khhkovshKK+jGCaMnVomla7gVlIcc3EvKPbTQ=="
    },
    "typescript": {
      "version": "4.0.2",
      "resolved": "https://registry.npmjs.org/typescript/-/typescript-4.0.2.tgz",
      "integrity": "sha512-e4ERvRV2wb+rRZ/IQeb3jm2VxBsirQLpQhdxplZ2MEzGvDkkMmPglecnNDfSUBivMjP93vRbngYYDQqQ/78bcQ==",
      "dev": true
    },
    "upper-case": {
      "version": "2.0.1",
      "resolved": "https://registry.npmjs.org/upper-case/-/upper-case-2.0.1.tgz",
      "integrity": "sha512-laAsbea9SY5osxrv7S99vH9xAaJKrw5Qpdh4ENRLcaxipjKsiaBwiAsxfa8X5mObKNTQPsupSq0J/VIxsSJe3A==",
      "requires": {
        "tslib": "^1.10.0"
      }
    },
    "upper-case-first": {
      "version": "2.0.1",
      "resolved": "https://registry.npmjs.org/upper-case-first/-/upper-case-first-2.0.1.tgz",
      "integrity": "sha512-105J8XqQ+9RxW3l9gHZtgve5oaiR9TIwvmZAMAIZWRHe00T21cdvewKORTlOJf/zXW6VukuTshM+HXZNWz7N5w==",
      "requires": {
        "tslib": "^1.10.0"
      }
    }
  }
}
